
Microsoft Visual Studio Solution File, Format Version 12.00
# Visual Studio Version 17
VisualStudioVersion = 17.6.33723.286
MinimumVisualStudioVersion = 10.0.40219.1
Project("{9A19103F-16F7-4668-BE54-9A1E7A4F7556}") = "WPFDataTemplateExample", "WPFDataTemplateExample\WPFDataTemplateExample.csproj", "{6829E12B-7EF1-403C-AC64-1300235063E4}"
EndProject
Global
	GlobalSection(SolutionConfigurationPlatforms) = preSolution
		Debug|Any CPU = Debug|Any CPU
		Debug|x64 = Debug|x64
		Release|Any CPU = Release|Any CPU
		Release|x64 = Release|x64
	EndGlobalSection
	GlobalSection(ProjectConfigurationPlatforms) = postSolution
		{6829E12B-7EF1-403C-AC64-1300235063E4}.Debug|Any CPU.ActiveCfg = Debug|Any CPU
		{6829E12B-7EF1-403C-AC64-1300235063E4}.Debug|Any CPU.Build.0 = Debug|Any CPU
		{6829E12B-7EF1-403C-AC64-1300235063E4}.Debug|x64.ActiveCfg = Debug|x64
		{6829E12B-7EF1-403C-AC64-1300235063E4}.Debug|x64.Build.0 = Debug|x64
		{6829E12B-7EF1-403C-AC64-1300235063E4}.Release|Any CPU.ActiveCfg = Release|Any CPU
		{6829E12B-7EF1-403C-AC64-1300235063E4}.Release|Any CPU.Build.0 = Release|Any CPU
		{6829E12B-7EF1-403C-AC64-1300235063E4}.Release|x64.ActiveCfg = Release|x64
		{6829E12B-7EF1-403C-AC64-1300235063E4}.Release|x64.Build.0 = Release|x64
	EndGlobalSection
	GlobalSection(SolutionProperties) = preSolution
		HideSolutionNode = FALSE
	EndGlobalSection
	GlobalSection(ExtensibilityGlobals) = postSolution
		SolutionGuid = {10B7E8C7-4324-4010-91EE-C2E982D66803}
	EndGlobalSection
EndGlobal
