
Microsoft Visual Studio Solution File, Format Version 12.00
# Visual Studio Version 17
VisualStudioVersion = 17.0.31903.59
MinimumVisualStudioVersion = 10.0.40219.1
Project("{FAE04EC0-301F-11D3-BF4B-00C04F79EFBC}") = "CustomHamburgerMenu", "CustomHamburgerMenu\CustomHamburgerMenu.csproj", "{36647910-436E-4EE4-B27E-76D93DDEE0AA}"
EndProject
Global
	GlobalSection(SolutionConfigurationPlatforms) = preSolution
		Debug|Any CPU = Debug|Any CPU
		Debug|x64 = Debug|x64
		Release|Any CPU = Release|Any CPU
		Release|x64 = Release|x64
	EndGlobalSection
	GlobalSection(ProjectConfigurationPlatforms) = postSolution
		{36647910-436E-4EE4-B27E-76D93DDEE0AA}.Debug|Any CPU.ActiveCfg = Debug|Any CPU
		{36647910-436E-4EE4-B27E-76D93DDEE0AA}.Debug|Any CPU.Build.0 = Debug|Any CPU
		{36647910-436E-4EE4-B27E-76D93DDEE0AA}.Debug|x64.ActiveCfg = Debug|x64
		{36647910-436E-4EE4-B27E-76D93DDEE0AA}.Debug|x64.Build.0 = Debug|x64
		{36647910-436E-4EE4-B27E-76D93DDEE0AA}.Release|Any CPU.ActiveCfg = Release|Any CPU
		{36647910-436E-4EE4-B27E-76D93DDEE0AA}.Release|Any CPU.Build.0 = Release|Any CPU
		{36647910-436E-4EE4-B27E-76D93DDEE0AA}.Release|x64.ActiveCfg = Release|x64
		{36647910-436E-4EE4-B27E-76D93DDEE0AA}.Release|x64.Build.0 = Release|x64
	EndGlobalSection
	GlobalSection(SolutionProperties) = preSolution
		HideSolutionNode = FALSE
	EndGlobalSection
	GlobalSection(ExtensibilityGlobals) = postSolution
		SolutionGuid = {02794A4B-668E-4C41-9C5B-5C3071D3B75D}
	EndGlobalSection
EndGlobal
