
Microsoft Visual Studio Solution File, Format Version 12.00
# Visual Studio Version 17
VisualStudioVersion = 17.7.33808.371
MinimumVisualStudioVersion = 10.0.40219.1
Project("{FAE04EC0-301F-11D3-BF4B-00C04F79EFBC}") = "WPFMVVMToolkitExample2", "WPFMVVMToolkitExample2\WPFMVVMToolkitExample2.csproj", "{AC08371E-9334-47C2-9CCE-CB7FC99C2948}"
EndProject
Project("{FAE04EC0-301F-11D3-BF4B-00C04F79EFBC}") = "ViewModel", "ViewModel\ViewModel.csproj", "{764C5EC4-F2D9-43D4-88A5-C7CFF3BEC0F5}"
EndProject
Project("{FAE04EC0-301F-11D3-BF4B-00C04F79EFBC}") = "Model", "Model\Model.csproj", "{81B0E138-89CB-41C4-82EB-5E37172FFDF9}"
EndProject
Project("{FAE04EC0-301F-11D3-BF4B-00C04F79EFBC}") = "View", "View\View.csproj", "{7E5F707F-541F-422A-8358-ED0C89DFAF68}"
EndProject
Project("{FAE04EC0-301F-11D3-BF4B-00C04F79EFBC}") = "Service", "Service\Service.csproj", "{16C20B08-438B-48FC-8182-7F9F5EBC8B3B}"
EndProject
Project("{FAE04EC0-301F-11D3-BF4B-00C04F79EFBC}") = "IService", "IService\IService.csproj", "{C9FC8FEF-858D-4A5F-99CD-4F6430BE62C7}"
EndProject
Global
	GlobalSection(SolutionConfigurationPlatforms) = preSolution
		Debug|Any CPU = Debug|Any CPU
		Debug|x64 = Debug|x64
		Release|Any CPU = Release|Any CPU
		Release|x64 = Release|x64
	EndGlobalSection
	GlobalSection(ProjectConfigurationPlatforms) = postSolution
		{AC08371E-9334-47C2-9CCE-CB7FC99C2948}.Debug|Any CPU.ActiveCfg = Debug|Any CPU
		{AC08371E-9334-47C2-9CCE-CB7FC99C2948}.Debug|Any CPU.Build.0 = Debug|Any CPU
		{AC08371E-9334-47C2-9CCE-CB7FC99C2948}.Debug|x64.ActiveCfg = Debug|x64
		{AC08371E-9334-47C2-9CCE-CB7FC99C2948}.Debug|x64.Build.0 = Debug|x64
		{AC08371E-9334-47C2-9CCE-CB7FC99C2948}.Release|Any CPU.ActiveCfg = Release|Any CPU
		{AC08371E-9334-47C2-9CCE-CB7FC99C2948}.Release|Any CPU.Build.0 = Release|Any CPU
		{AC08371E-9334-47C2-9CCE-CB7FC99C2948}.Release|x64.ActiveCfg = Release|x64
		{AC08371E-9334-47C2-9CCE-CB7FC99C2948}.Release|x64.Build.0 = Release|x64
		{764C5EC4-F2D9-43D4-88A5-C7CFF3BEC0F5}.Debug|Any CPU.ActiveCfg = Debug|Any CPU
		{764C5EC4-F2D9-43D4-88A5-C7CFF3BEC0F5}.Debug|Any CPU.Build.0 = Debug|Any CPU
		{764C5EC4-F2D9-43D4-88A5-C7CFF3BEC0F5}.Debug|x64.ActiveCfg = Debug|x64
		{764C5EC4-F2D9-43D4-88A5-C7CFF3BEC0F5}.Debug|x64.Build.0 = Debug|x64
		{764C5EC4-F2D9-43D4-88A5-C7CFF3BEC0F5}.Release|Any CPU.ActiveCfg = Release|Any CPU
		{764C5EC4-F2D9-43D4-88A5-C7CFF3BEC0F5}.Release|Any CPU.Build.0 = Release|Any CPU
		{764C5EC4-F2D9-43D4-88A5-C7CFF3BEC0F5}.Release|x64.ActiveCfg = Release|x64
		{764C5EC4-F2D9-43D4-88A5-C7CFF3BEC0F5}.Release|x64.Build.0 = Release|x64
		{81B0E138-89CB-41C4-82EB-5E37172FFDF9}.Debug|Any CPU.ActiveCfg = Debug|Any CPU
		{81B0E138-89CB-41C4-82EB-5E37172FFDF9}.Debug|Any CPU.Build.0 = Debug|Any CPU
		{81B0E138-89CB-41C4-82EB-5E37172FFDF9}.Debug|x64.ActiveCfg = Debug|x64
		{81B0E138-89CB-41C4-82EB-5E37172FFDF9}.Debug|x64.Build.0 = Debug|x64
		{81B0E138-89CB-41C4-82EB-5E37172FFDF9}.Release|Any CPU.ActiveCfg = Release|Any CPU
		{81B0E138-89CB-41C4-82EB-5E37172FFDF9}.Release|Any CPU.Build.0 = Release|Any CPU
		{81B0E138-89CB-41C4-82EB-5E37172FFDF9}.Release|x64.ActiveCfg = Release|x64
		{81B0E138-89CB-41C4-82EB-5E37172FFDF9}.Release|x64.Build.0 = Release|x64
		{7E5F707F-541F-422A-8358-ED0C89DFAF68}.Debug|Any CPU.ActiveCfg = Debug|Any CPU
		{7E5F707F-541F-422A-8358-ED0C89DFAF68}.Debug|Any CPU.Build.0 = Debug|Any CPU
		{7E5F707F-541F-422A-8358-ED0C89DFAF68}.Debug|x64.ActiveCfg = Debug|x64
		{7E5F707F-541F-422A-8358-ED0C89DFAF68}.Debug|x64.Build.0 = Debug|x64
		{7E5F707F-541F-422A-8358-ED0C89DFAF68}.Release|Any CPU.ActiveCfg = Release|Any CPU
		{7E5F707F-541F-422A-8358-ED0C89DFAF68}.Release|Any CPU.Build.0 = Release|Any CPU
		{7E5F707F-541F-422A-8358-ED0C89DFAF68}.Release|x64.ActiveCfg = Release|x64
		{7E5F707F-541F-422A-8358-ED0C89DFAF68}.Release|x64.Build.0 = Release|x64
		{16C20B08-438B-48FC-8182-7F9F5EBC8B3B}.Debug|Any CPU.ActiveCfg = Debug|Any CPU
		{16C20B08-438B-48FC-8182-7F9F5EBC8B3B}.Debug|Any CPU.Build.0 = Debug|Any CPU
		{16C20B08-438B-48FC-8182-7F9F5EBC8B3B}.Debug|x64.ActiveCfg = Debug|x64
		{16C20B08-438B-48FC-8182-7F9F5EBC8B3B}.Debug|x64.Build.0 = Debug|x64
		{16C20B08-438B-48FC-8182-7F9F5EBC8B3B}.Release|Any CPU.ActiveCfg = Release|Any CPU
		{16C20B08-438B-48FC-8182-7F9F5EBC8B3B}.Release|Any CPU.Build.0 = Release|Any CPU
		{16C20B08-438B-48FC-8182-7F9F5EBC8B3B}.Release|x64.ActiveCfg = Release|x64
		{16C20B08-438B-48FC-8182-7F9F5EBC8B3B}.Release|x64.Build.0 = Release|x64
		{C9FC8FEF-858D-4A5F-99CD-4F6430BE62C7}.Debug|Any CPU.ActiveCfg = Debug|Any CPU
		{C9FC8FEF-858D-4A5F-99CD-4F6430BE62C7}.Debug|Any CPU.Build.0 = Debug|Any CPU
		{C9FC8FEF-858D-4A5F-99CD-4F6430BE62C7}.Debug|x64.ActiveCfg = Debug|x64
		{C9FC8FEF-858D-4A5F-99CD-4F6430BE62C7}.Debug|x64.Build.0 = Debug|x64
		{C9FC8FEF-858D-4A5F-99CD-4F6430BE62C7}.Release|Any CPU.ActiveCfg = Release|Any CPU
		{C9FC8FEF-858D-4A5F-99CD-4F6430BE62C7}.Release|Any CPU.Build.0 = Release|Any CPU
		{C9FC8FEF-858D-4A5F-99CD-4F6430BE62C7}.Release|x64.ActiveCfg = Release|x64
		{C9FC8FEF-858D-4A5F-99CD-4F6430BE62C7}.Release|x64.Build.0 = Release|x64
	EndGlobalSection
	GlobalSection(SolutionProperties) = preSolution
		HideSolutionNode = FALSE
	EndGlobalSection
	GlobalSection(ExtensibilityGlobals) = postSolution
		SolutionGuid = {A4347445-A86D-4D67-9FA3-EC75CF776302}
	EndGlobalSection
EndGlobal
