
Microsoft Visual Studio Solution File, Format Version 12.00
# Visual Studio Version 17
VisualStudioVersion = 17.5.33103.201
MinimumVisualStudioVersion = 10.0.40219.1
Project("{FAE04EC0-301F-11D3-BF4B-00C04F79EFBC}") = "WPFPanelExample", "WPFPanelExample\WPFPanelExample.csproj", "{8825BCBB-0286-4FF5-9FF0-BA35F39AF0E8}"
EndProject
Global
	GlobalSection(SolutionConfigurationPlatforms) = preSolution
		Debug|Any CPU = Debug|Any CPU
		Debug|x64 = Debug|x64
		Release|Any CPU = Release|Any CPU
		Release|x64 = Release|x64
	EndGlobalSection
	GlobalSection(ProjectConfigurationPlatforms) = postSolution
		{8825BCBB-0286-4FF5-9FF0-BA35F39AF0E8}.Debug|Any CPU.ActiveCfg = Debug|Any CPU
		{8825BCBB-0286-4FF5-9FF0-BA35F39AF0E8}.Debug|Any CPU.Build.0 = Debug|Any CPU
		{8825BCBB-0286-4FF5-9FF0-BA35F39AF0E8}.Debug|x64.ActiveCfg = Debug|x64
		{8825BCBB-0286-4FF5-9FF0-BA35F39AF0E8}.Debug|x64.Build.0 = Debug|x64
		{8825BCBB-0286-4FF5-9FF0-BA35F39AF0E8}.Release|Any CPU.ActiveCfg = Release|Any CPU
		{8825BCBB-0286-4FF5-9FF0-BA35F39AF0E8}.Release|Any CPU.Build.0 = Release|Any CPU
		{8825BCBB-0286-4FF5-9FF0-BA35F39AF0E8}.Release|x64.ActiveCfg = Release|x64
		{8825BCBB-0286-4FF5-9FF0-BA35F39AF0E8}.Release|x64.Build.0 = Release|x64
	EndGlobalSection
	GlobalSection(SolutionProperties) = preSolution
		HideSolutionNode = FALSE
	EndGlobalSection
	GlobalSection(ExtensibilityGlobals) = postSolution
		SolutionGuid = {26A14D0A-DC17-4AB5-88BC-4ED75F7F8CBA}
	EndGlobalSection
EndGlobal
