
Microsoft Visual Studio Solution File, Format Version 12.00
# Visual Studio Version 16
VisualStudioVersion = 16.0.29806.167
MinimumVisualStudioVersion = 10.0.40219.1
Project("{8BC9CEB8-8B4A-11D0-8D11-00A0C91BC942}") = "RAII", "RAII\RAII.vcxproj", "{51E1812D-C699-4B43-92EF-28565E59C334}"
EndProject
Project("{8BC9CEB8-8B4A-11D0-8D11-00A0C91BC942}") = "PIMPL", "PIMPL\PIMPL.vcxproj", "{15E2A1F1-731F-4289-8902-F2551726FEBB}"
EndProject
Project("{8BC9CEB8-8B4A-11D0-8D11-00A0C91BC942}") = "SMARTPOINTER", "SMARTPOINTER\SMARTPOINTER.vcxproj", "{49CC5549-173F-412E-BE3B-6BF7C79D37B3}"
EndProject
Project("{9A19103F-16F7-4668-BE54-9A1E7A4F7556}") = "CSharpSimpleExample", "CSharpSimpleExample\CSharpSimpleExample.csproj", "{5810A7DA-BFC6-413A-B161-696D56F4460E}"
EndProject
Project("{8BC9CEB8-8B4A-11D0-8D11-00A0C91BC942}") = "CLIExample", "CLIExample\CLIExample.vcxproj", "{3C5B73AC-D601-4135-AAEA-F8B0D3D86930}"
EndProject
Project("{9A19103F-16F7-4668-BE54-9A1E7A4F7556}") = "OpencvWebCamExample", "OpencvWebCamExample\OpencvWebCamExample.csproj", "{DEAE2509-E555-4C67-9D1B-9C8B3AD39EFD}"
EndProject
Project("{8BC9CEB8-8B4A-11D0-8D11-00A0C91BC942}") = "ImageFilterExample", "ImageFilterExample\ImageFilterExample.vcxproj", "{48631EE1-C82B-40CD-ABD3-2B1BD4CF3272}"
EndProject
Project("{8BC9CEB8-8B4A-11D0-8D11-00A0C91BC942}") = "EmptyConsoleApplication", "EmptyConsoleApplication\EmptyConsoleApplication.vcxproj", "{296F9AA7-CFD4-4CA7-8A21-8B1CAE61E22F}"
EndProject
Project("{8BC9CEB8-8B4A-11D0-8D11-00A0C91BC942}") = "EmptyCliApplication", "EmptyCliApplication\EmptyCliApplication.vcxproj", "{21CA8DB9-150C-47F9-B941-B448D0776AE3}"
EndProject
Project("{9A19103F-16F7-4668-BE54-9A1E7A4F7556}") = "EmptyCSharpConsoleApplication", "EmptyCSharpConsoleApplication\EmptyCSharpConsoleApplication.csproj", "{4748F62D-B50A-4104-86C2-7942CA3C142C}"
EndProject
Project("{FAE04EC0-301F-11D3-BF4B-00C04F79EFBC}") = "WebTVCapture", "WebTVCapture\WebTVCapture.csproj", "{732DED43-EF08-49C5-B3C7-4DD275167055}"
EndProject
Global
	GlobalSection(SolutionConfigurationPlatforms) = preSolution
		Debug|Any CPU = Debug|Any CPU
		Debug|x64 = Debug|x64
		Debug|x86 = Debug|x86
		Release|Any CPU = Release|Any CPU
		Release|x64 = Release|x64
		Release|x86 = Release|x86
	EndGlobalSection
	GlobalSection(ProjectConfigurationPlatforms) = postSolution
		{51E1812D-C699-4B43-92EF-28565E59C334}.Debug|Any CPU.ActiveCfg = Debug|Win32
		{51E1812D-C699-4B43-92EF-28565E59C334}.Debug|x64.ActiveCfg = Debug|x64
		{51E1812D-C699-4B43-92EF-28565E59C334}.Debug|x64.Build.0 = Debug|x64
		{51E1812D-C699-4B43-92EF-28565E59C334}.Debug|x86.ActiveCfg = Debug|Win32
		{51E1812D-C699-4B43-92EF-28565E59C334}.Debug|x86.Build.0 = Debug|Win32
		{51E1812D-C699-4B43-92EF-28565E59C334}.Release|Any CPU.ActiveCfg = Release|Win32
		{51E1812D-C699-4B43-92EF-28565E59C334}.Release|x64.ActiveCfg = Release|x64
		{51E1812D-C699-4B43-92EF-28565E59C334}.Release|x64.Build.0 = Release|x64
		{51E1812D-C699-4B43-92EF-28565E59C334}.Release|x86.ActiveCfg = Release|Win32
		{51E1812D-C699-4B43-92EF-28565E59C334}.Release|x86.Build.0 = Release|Win32
		{15E2A1F1-731F-4289-8902-F2551726FEBB}.Debug|Any CPU.ActiveCfg = Debug|Win32
		{15E2A1F1-731F-4289-8902-F2551726FEBB}.Debug|x64.ActiveCfg = Debug|x64
		{15E2A1F1-731F-4289-8902-F2551726FEBB}.Debug|x64.Build.0 = Debug|x64
		{15E2A1F1-731F-4289-8902-F2551726FEBB}.Debug|x86.ActiveCfg = Debug|Win32
		{15E2A1F1-731F-4289-8902-F2551726FEBB}.Debug|x86.Build.0 = Debug|Win32
		{15E2A1F1-731F-4289-8902-F2551726FEBB}.Release|Any CPU.ActiveCfg = Release|Win32
		{15E2A1F1-731F-4289-8902-F2551726FEBB}.Release|x64.ActiveCfg = Release|x64
		{15E2A1F1-731F-4289-8902-F2551726FEBB}.Release|x64.Build.0 = Release|x64
		{15E2A1F1-731F-4289-8902-F2551726FEBB}.Release|x86.ActiveCfg = Release|Win32
		{15E2A1F1-731F-4289-8902-F2551726FEBB}.Release|x86.Build.0 = Release|Win32
		{49CC5549-173F-412E-BE3B-6BF7C79D37B3}.Debug|Any CPU.ActiveCfg = Debug|Win32
		{49CC5549-173F-412E-BE3B-6BF7C79D37B3}.Debug|x64.ActiveCfg = Debug|x64
		{49CC5549-173F-412E-BE3B-6BF7C79D37B3}.Debug|x64.Build.0 = Debug|x64
		{49CC5549-173F-412E-BE3B-6BF7C79D37B3}.Debug|x86.ActiveCfg = Debug|Win32
		{49CC5549-173F-412E-BE3B-6BF7C79D37B3}.Debug|x86.Build.0 = Debug|Win32
		{49CC5549-173F-412E-BE3B-6BF7C79D37B3}.Release|Any CPU.ActiveCfg = Release|Win32
		{49CC5549-173F-412E-BE3B-6BF7C79D37B3}.Release|x64.ActiveCfg = Release|x64
		{49CC5549-173F-412E-BE3B-6BF7C79D37B3}.Release|x64.Build.0 = Release|x64
		{49CC5549-173F-412E-BE3B-6BF7C79D37B3}.Release|x86.ActiveCfg = Release|Win32
		{49CC5549-173F-412E-BE3B-6BF7C79D37B3}.Release|x86.Build.0 = Release|Win32
		{5810A7DA-BFC6-413A-B161-696D56F4460E}.Debug|Any CPU.ActiveCfg = Debug|x64
		{5810A7DA-BFC6-413A-B161-696D56F4460E}.Debug|Any CPU.Build.0 = Debug|x64
		{5810A7DA-BFC6-413A-B161-696D56F4460E}.Debug|x64.ActiveCfg = Debug|x64
		{5810A7DA-BFC6-413A-B161-696D56F4460E}.Debug|x64.Build.0 = Debug|x64
		{5810A7DA-BFC6-413A-B161-696D56F4460E}.Debug|x86.ActiveCfg = Debug|Any CPU
		{5810A7DA-BFC6-413A-B161-696D56F4460E}.Debug|x86.Build.0 = Debug|Any CPU
		{5810A7DA-BFC6-413A-B161-696D56F4460E}.Release|Any CPU.ActiveCfg = Release|Any CPU
		{5810A7DA-BFC6-413A-B161-696D56F4460E}.Release|Any CPU.Build.0 = Release|Any CPU
		{5810A7DA-BFC6-413A-B161-696D56F4460E}.Release|x64.ActiveCfg = Release|x64
		{5810A7DA-BFC6-413A-B161-696D56F4460E}.Release|x64.Build.0 = Release|x64
		{5810A7DA-BFC6-413A-B161-696D56F4460E}.Release|x86.ActiveCfg = Release|Any CPU
		{5810A7DA-BFC6-413A-B161-696D56F4460E}.Release|x86.Build.0 = Release|Any CPU
		{3C5B73AC-D601-4135-AAEA-F8B0D3D86930}.Debug|Any CPU.ActiveCfg = Debug|Win32
		{3C5B73AC-D601-4135-AAEA-F8B0D3D86930}.Debug|x64.ActiveCfg = Debug|x64
		{3C5B73AC-D601-4135-AAEA-F8B0D3D86930}.Debug|x64.Build.0 = Debug|x64
		{3C5B73AC-D601-4135-AAEA-F8B0D3D86930}.Debug|x86.ActiveCfg = Debug|Win32
		{3C5B73AC-D601-4135-AAEA-F8B0D3D86930}.Debug|x86.Build.0 = Debug|Win32
		{3C5B73AC-D601-4135-AAEA-F8B0D3D86930}.Release|Any CPU.ActiveCfg = Release|Win32
		{3C5B73AC-D601-4135-AAEA-F8B0D3D86930}.Release|x64.ActiveCfg = Release|x64
		{3C5B73AC-D601-4135-AAEA-F8B0D3D86930}.Release|x64.Build.0 = Release|x64
		{3C5B73AC-D601-4135-AAEA-F8B0D3D86930}.Release|x86.ActiveCfg = Release|Win32
		{3C5B73AC-D601-4135-AAEA-F8B0D3D86930}.Release|x86.Build.0 = Release|Win32
		{DEAE2509-E555-4C67-9D1B-9C8B3AD39EFD}.Debug|Any CPU.ActiveCfg = Debug|Any CPU
		{DEAE2509-E555-4C67-9D1B-9C8B3AD39EFD}.Debug|Any CPU.Build.0 = Debug|Any CPU
		{DEAE2509-E555-4C67-9D1B-9C8B3AD39EFD}.Debug|x64.ActiveCfg = Debug|x64
		{DEAE2509-E555-4C67-9D1B-9C8B3AD39EFD}.Debug|x64.Build.0 = Debug|x64
		{DEAE2509-E555-4C67-9D1B-9C8B3AD39EFD}.Debug|x86.ActiveCfg = Debug|Any CPU
		{DEAE2509-E555-4C67-9D1B-9C8B3AD39EFD}.Debug|x86.Build.0 = Debug|Any CPU
		{DEAE2509-E555-4C67-9D1B-9C8B3AD39EFD}.Release|Any CPU.ActiveCfg = Release|Any CPU
		{DEAE2509-E555-4C67-9D1B-9C8B3AD39EFD}.Release|Any CPU.Build.0 = Release|Any CPU
		{DEAE2509-E555-4C67-9D1B-9C8B3AD39EFD}.Release|x64.ActiveCfg = Release|x64
		{DEAE2509-E555-4C67-9D1B-9C8B3AD39EFD}.Release|x64.Build.0 = Release|x64
		{DEAE2509-E555-4C67-9D1B-9C8B3AD39EFD}.Release|x86.ActiveCfg = Release|Any CPU
		{DEAE2509-E555-4C67-9D1B-9C8B3AD39EFD}.Release|x86.Build.0 = Release|Any CPU
		{48631EE1-C82B-40CD-ABD3-2B1BD4CF3272}.Debug|Any CPU.ActiveCfg = Debug|Win32
		{48631EE1-C82B-40CD-ABD3-2B1BD4CF3272}.Debug|x64.ActiveCfg = Debug|x64
		{48631EE1-C82B-40CD-ABD3-2B1BD4CF3272}.Debug|x64.Build.0 = Debug|x64
		{48631EE1-C82B-40CD-ABD3-2B1BD4CF3272}.Debug|x86.ActiveCfg = Debug|Win32
		{48631EE1-C82B-40CD-ABD3-2B1BD4CF3272}.Debug|x86.Build.0 = Debug|Win32
		{48631EE1-C82B-40CD-ABD3-2B1BD4CF3272}.Release|Any CPU.ActiveCfg = Release|Win32
		{48631EE1-C82B-40CD-ABD3-2B1BD4CF3272}.Release|x64.ActiveCfg = Release|x64
		{48631EE1-C82B-40CD-ABD3-2B1BD4CF3272}.Release|x64.Build.0 = Release|x64
		{48631EE1-C82B-40CD-ABD3-2B1BD4CF3272}.Release|x86.ActiveCfg = Release|Win32
		{48631EE1-C82B-40CD-ABD3-2B1BD4CF3272}.Release|x86.Build.0 = Release|Win32
		{296F9AA7-CFD4-4CA7-8A21-8B1CAE61E22F}.Debug|Any CPU.ActiveCfg = Debug|Win32
		{296F9AA7-CFD4-4CA7-8A21-8B1CAE61E22F}.Debug|x64.ActiveCfg = Debug|x64
		{296F9AA7-CFD4-4CA7-8A21-8B1CAE61E22F}.Debug|x64.Build.0 = Debug|x64
		{296F9AA7-CFD4-4CA7-8A21-8B1CAE61E22F}.Debug|x86.ActiveCfg = Debug|Win32
		{296F9AA7-CFD4-4CA7-8A21-8B1CAE61E22F}.Debug|x86.Build.0 = Debug|Win32
		{296F9AA7-CFD4-4CA7-8A21-8B1CAE61E22F}.Release|Any CPU.ActiveCfg = Release|Win32
		{296F9AA7-CFD4-4CA7-8A21-8B1CAE61E22F}.Release|x64.ActiveCfg = Release|x64
		{296F9AA7-CFD4-4CA7-8A21-8B1CAE61E22F}.Release|x64.Build.0 = Release|x64
		{296F9AA7-CFD4-4CA7-8A21-8B1CAE61E22F}.Release|x86.ActiveCfg = Release|Win32
		{296F9AA7-CFD4-4CA7-8A21-8B1CAE61E22F}.Release|x86.Build.0 = Release|Win32
		{21CA8DB9-150C-47F9-B941-B448D0776AE3}.Debug|Any CPU.ActiveCfg = Debug|Win32
		{21CA8DB9-150C-47F9-B941-B448D0776AE3}.Debug|x64.ActiveCfg = Debug|x64
		{21CA8DB9-150C-47F9-B941-B448D0776AE3}.Debug|x64.Build.0 = Debug|x64
		{21CA8DB9-150C-47F9-B941-B448D0776AE3}.Debug|x86.ActiveCfg = Debug|Win32
		{21CA8DB9-150C-47F9-B941-B448D0776AE3}.Debug|x86.Build.0 = Debug|Win32
		{21CA8DB9-150C-47F9-B941-B448D0776AE3}.Release|Any CPU.ActiveCfg = Release|Win32
		{21CA8DB9-150C-47F9-B941-B448D0776AE3}.Release|x64.ActiveCfg = Release|x64
		{21CA8DB9-150C-47F9-B941-B448D0776AE3}.Release|x64.Build.0 = Release|x64
		{21CA8DB9-150C-47F9-B941-B448D0776AE3}.Release|x86.ActiveCfg = Release|Win32
		{21CA8DB9-150C-47F9-B941-B448D0776AE3}.Release|x86.Build.0 = Release|Win32
		{4748F62D-B50A-4104-86C2-7942CA3C142C}.Debug|Any CPU.ActiveCfg = Debug|Any CPU
		{4748F62D-B50A-4104-86C2-7942CA3C142C}.Debug|Any CPU.Build.0 = Debug|Any CPU
		{4748F62D-B50A-4104-86C2-7942CA3C142C}.Debug|x64.ActiveCfg = Debug|x64
		{4748F62D-B50A-4104-86C2-7942CA3C142C}.Debug|x64.Build.0 = Debug|x64
		{4748F62D-B50A-4104-86C2-7942CA3C142C}.Debug|x86.ActiveCfg = Debug|Any CPU
		{4748F62D-B50A-4104-86C2-7942CA3C142C}.Debug|x86.Build.0 = Debug|Any CPU
		{4748F62D-B50A-4104-86C2-7942CA3C142C}.Release|Any CPU.ActiveCfg = Release|Any CPU
		{4748F62D-B50A-4104-86C2-7942CA3C142C}.Release|Any CPU.Build.0 = Release|Any CPU
		{4748F62D-B50A-4104-86C2-7942CA3C142C}.Release|x64.ActiveCfg = Release|Any CPU
		{4748F62D-B50A-4104-86C2-7942CA3C142C}.Release|x64.Build.0 = Release|Any CPU
		{4748F62D-B50A-4104-86C2-7942CA3C142C}.Release|x86.ActiveCfg = Release|Any CPU
		{4748F62D-B50A-4104-86C2-7942CA3C142C}.Release|x86.Build.0 = Release|Any CPU
		{732DED43-EF08-49C5-B3C7-4DD275167055}.Debug|Any CPU.ActiveCfg = Debug|Any CPU
		{732DED43-EF08-49C5-B3C7-4DD275167055}.Debug|Any CPU.Build.0 = Debug|Any CPU
		{732DED43-EF08-49C5-B3C7-4DD275167055}.Debug|x64.ActiveCfg = Debug|x64
		{732DED43-EF08-49C5-B3C7-4DD275167055}.Debug|x64.Build.0 = Debug|x64
		{732DED43-EF08-49C5-B3C7-4DD275167055}.Debug|x86.ActiveCfg = Debug|Any CPU
		{732DED43-EF08-49C5-B3C7-4DD275167055}.Debug|x86.Build.0 = Debug|Any CPU
		{732DED43-EF08-49C5-B3C7-4DD275167055}.Release|Any CPU.ActiveCfg = Release|Any CPU
		{732DED43-EF08-49C5-B3C7-4DD275167055}.Release|Any CPU.Build.0 = Release|Any CPU
		{732DED43-EF08-49C5-B3C7-4DD275167055}.Release|x64.ActiveCfg = Release|Any CPU
		{732DED43-EF08-49C5-B3C7-4DD275167055}.Release|x64.Build.0 = Release|Any CPU
		{732DED43-EF08-49C5-B3C7-4DD275167055}.Release|x86.ActiveCfg = Release|Any CPU
		{732DED43-EF08-49C5-B3C7-4DD275167055}.Release|x86.Build.0 = Release|Any CPU
	EndGlobalSection
	GlobalSection(SolutionProperties) = preSolution
		HideSolutionNode = FALSE
	EndGlobalSection
	GlobalSection(ExtensibilityGlobals) = postSolution
		SolutionGuid = {9DA6E7DC-18E2-4F52-98FF-98D0847E3257}
	EndGlobalSection
EndGlobal
