
Microsoft Visual Studio Solution File, Format Version 12.00
# Visual Studio Version 17
VisualStudioVersion = 17.1.32210.238
MinimumVisualStudioVersion = 10.0.40219.1
Project("{8BC9CEB8-8B4A-11D0-8D11-00A0C91BC942}") = "RAII", "RAII\RAII.vcxproj", "{65F44281-135F-4977-8402-F0F34FFF36E4}"
EndProject
Project("{8BC9CEB8-8B4A-11D0-8D11-00A0C91BC942}") = "PIMPL", "PIMPL\PIMPL.vcxproj", "{0E16C892-D511-41CB-A52E-E23C821472C4}"
EndProject
Global
	GlobalSection(SolutionConfigurationPlatforms) = preSolution
		Debug|x64 = Debug|x64
		Debug|x86 = Debug|x86
		Release|x64 = Release|x64
		Release|x86 = Release|x86
	EndGlobalSection
	GlobalSection(ProjectConfigurationPlatforms) = postSolution
		{65F44281-135F-4977-8402-F0F34FFF36E4}.Debug|x64.ActiveCfg = Debug|x64
		{65F44281-135F-4977-8402-F0F34FFF36E4}.Debug|x64.Build.0 = Debug|x64
		{65F44281-135F-4977-8402-F0F34FFF36E4}.Debug|x86.ActiveCfg = Debug|Win32
		{65F44281-135F-4977-8402-F0F34FFF36E4}.Debug|x86.Build.0 = Debug|Win32
		{65F44281-135F-4977-8402-F0F34FFF36E4}.Release|x64.ActiveCfg = Release|x64
		{65F44281-135F-4977-8402-F0F34FFF36E4}.Release|x64.Build.0 = Release|x64
		{65F44281-135F-4977-8402-F0F34FFF36E4}.Release|x86.ActiveCfg = Release|Win32
		{65F44281-135F-4977-8402-F0F34FFF36E4}.Release|x86.Build.0 = Release|Win32
		{0E16C892-D511-41CB-A52E-E23C821472C4}.Debug|x64.ActiveCfg = Debug|x64
		{0E16C892-D511-41CB-A52E-E23C821472C4}.Debug|x64.Build.0 = Debug|x64
		{0E16C892-D511-41CB-A52E-E23C821472C4}.Debug|x86.ActiveCfg = Debug|Win32
		{0E16C892-D511-41CB-A52E-E23C821472C4}.Debug|x86.Build.0 = Debug|Win32
		{0E16C892-D511-41CB-A52E-E23C821472C4}.Release|x64.ActiveCfg = Release|x64
		{0E16C892-D511-41CB-A52E-E23C821472C4}.Release|x64.Build.0 = Release|x64
		{0E16C892-D511-41CB-A52E-E23C821472C4}.Release|x86.ActiveCfg = Release|Win32
		{0E16C892-D511-41CB-A52E-E23C821472C4}.Release|x86.Build.0 = Release|Win32
	EndGlobalSection
	GlobalSection(SolutionProperties) = preSolution
		HideSolutionNode = FALSE
	EndGlobalSection
	GlobalSection(ExtensibilityGlobals) = postSolution
		SolutionGuid = {E8DE6063-0BF7-43DC-A9C8-D90711CE7D6D}
	EndGlobalSection
EndGlobal
