
Microsoft Visual Studio Solution File, Format Version 12.00
# Visual Studio Version 17
VisualStudioVersion = 17.6.33723.286
MinimumVisualStudioVersion = 10.0.40219.1
Project("{FAE04EC0-301F-11D3-BF4B-00C04F79EFBC}") = "ObserverPattern", "ObserverPattern\ObserverPattern.csproj", "{076150EF-5B42-430C-9F72-7FD3D5783D1A}"
EndProject
Global
	GlobalSection(SolutionConfigurationPlatforms) = preSolution
		Debug|Any CPU = Debug|Any CPU
		Release|Any CPU = Release|Any CPU
	EndGlobalSection
	GlobalSection(ProjectConfigurationPlatforms) = postSolution
		{076150EF-5B42-430C-9F72-7FD3D5783D1A}.Debug|Any CPU.ActiveCfg = Debug|Any CPU
		{076150EF-5B42-430C-9F72-7FD3D5783D1A}.Debug|Any CPU.Build.0 = Debug|Any CPU
		{076150EF-5B42-430C-9F72-7FD3D5783D1A}.Release|Any CPU.ActiveCfg = Release|Any CPU
		{076150EF-5B42-430C-9F72-7FD3D5783D1A}.Release|Any CPU.Build.0 = Release|Any CPU
	EndGlobalSection
	GlobalSection(SolutionProperties) = preSolution
		HideSolutionNode = FALSE
	EndGlobalSection
	GlobalSection(ExtensibilityGlobals) = postSolution
		SolutionGuid = {F197B08F-CF16-4188-A91A-8F7654F16589}
	EndGlobalSection
EndGlobal
