
Microsoft Visual Studio Solution File, Format Version 12.00
# Visual Studio Version 17
VisualStudioVersion = 17.5.33103.201
MinimumVisualStudioVersion = 10.0.40219.1
Project("{9A19103F-16F7-4668-BE54-9A1E7A4F7556}") = "WPFMVVMExample1", "WPFMVVMExample1\WPFMVVMExample1.csproj", "{D74BA951-BB2D-42F5-A884-BF20F3DFDFD7}"
EndProject
Global
	GlobalSection(SolutionConfigurationPlatforms) = preSolution
		Debug|Any CPU = Debug|Any CPU
		Debug|x64 = Debug|x64
		Release|Any CPU = Release|Any CPU
		Release|x64 = Release|x64
	EndGlobalSection
	GlobalSection(ProjectConfigurationPlatforms) = postSolution
		{D74BA951-BB2D-42F5-A884-BF20F3DFDFD7}.Debug|Any CPU.ActiveCfg = Debug|Any CPU
		{D74BA951-BB2D-42F5-A884-BF20F3DFDFD7}.Debug|Any CPU.Build.0 = Debug|Any CPU
		{D74BA951-BB2D-42F5-A884-BF20F3DFDFD7}.Debug|x64.ActiveCfg = Debug|x64
		{D74BA951-BB2D-42F5-A884-BF20F3DFDFD7}.Debug|x64.Build.0 = Debug|x64
		{D74BA951-BB2D-42F5-A884-BF20F3DFDFD7}.Release|Any CPU.ActiveCfg = Release|Any CPU
		{D74BA951-BB2D-42F5-A884-BF20F3DFDFD7}.Release|Any CPU.Build.0 = Release|Any CPU
		{D74BA951-BB2D-42F5-A884-BF20F3DFDFD7}.Release|x64.ActiveCfg = Release|x64
		{D74BA951-BB2D-42F5-A884-BF20F3DFDFD7}.Release|x64.Build.0 = Release|x64
	EndGlobalSection
	GlobalSection(SolutionProperties) = preSolution
		HideSolutionNode = FALSE
	EndGlobalSection
	GlobalSection(ExtensibilityGlobals) = postSolution
		SolutionGuid = {8ED301EC-85B7-49F1-80D8-8012CED4FA49}
	EndGlobalSection
EndGlobal
