
Microsoft Visual Studio Solution File, Format Version 12.00
# Visual Studio Version 17
VisualStudioVersion = 17.7.33711.374
MinimumVisualStudioVersion = 10.0.40219.1
Project("{FAE04EC0-301F-11D3-BF4B-00C04F79EFBC}") = "WPFUserManagementExample", "WPFUserManagementExample\WPFUserManagementExample.csproj", "{441B26E0-DC24-4753-89B5-AA476995275D}"
EndProject
Global
	GlobalSection(SolutionConfigurationPlatforms) = preSolution
		Debug|Any CPU = Debug|Any CPU
		Debug|x64 = Debug|x64
		Release|Any CPU = Release|Any CPU
		Release|x64 = Release|x64
	EndGlobalSection
	GlobalSection(ProjectConfigurationPlatforms) = postSolution
		{441B26E0-DC24-4753-89B5-AA476995275D}.Debug|Any CPU.ActiveCfg = Debug|Any CPU
		{441B26E0-DC24-4753-89B5-AA476995275D}.Debug|Any CPU.Build.0 = Debug|Any CPU
		{441B26E0-DC24-4753-89B5-AA476995275D}.Debug|x64.ActiveCfg = Debug|x64
		{441B26E0-DC24-4753-89B5-AA476995275D}.Debug|x64.Build.0 = Debug|x64
		{441B26E0-DC24-4753-89B5-AA476995275D}.Release|Any CPU.ActiveCfg = Release|Any CPU
		{441B26E0-DC24-4753-89B5-AA476995275D}.Release|Any CPU.Build.0 = Release|Any CPU
		{441B26E0-DC24-4753-89B5-AA476995275D}.Release|x64.ActiveCfg = Release|x64
		{441B26E0-DC24-4753-89B5-AA476995275D}.Release|x64.Build.0 = Release|x64
	EndGlobalSection
	GlobalSection(SolutionProperties) = preSolution
		HideSolutionNode = FALSE
	EndGlobalSection
	GlobalSection(ExtensibilityGlobals) = postSolution
		SolutionGuid = {23617594-A7A2-46E3-928A-957CF5DA5A77}
	EndGlobalSection
EndGlobal
